
Microsoft Visual Studio Solution File, Format Version 12.00
# Visual Studio Version 16
VisualStudioVersion = 16.0.31025.194
MinimumVisualStudioVersion = 10.0.40219.1
Project("{FAE04EC0-301F-11D3-BF4B-00C04F79EFBC}") = "CalculateNetworthMicroservice", "CalculateNetworthMicroservice\CalculateNetworthMicroservice.csproj", "{FFFBB743-33E7-4C98-B0AC-9354A5F75076}"
EndProject
Global
	GlobalSection(SolutionConfigurationPlatforms) = preSolution
		Debug|Any CPU = Debug|Any CPU
		Release|Any CPU = Release|Any CPU
	EndGlobalSection
	GlobalSection(ProjectConfigurationPlatforms) = postSolution
		{FFFBB743-33E7-4C98-B0AC-9354A5F75076}.Debug|Any CPU.ActiveCfg = Debug|Any CPU
		{FFFBB743-33E7-4C98-B0AC-9354A5F75076}.Debug|Any CPU.Build.0 = Debug|Any CPU
		{FFFBB743-33E7-4C98-B0AC-9354A5F75076}.Release|Any CPU.ActiveCfg = Release|Any CPU
		{FFFBB743-33E7-4C98-B0AC-9354A5F75076}.Release|Any CPU.Build.0 = Release|Any CPU
	EndGlobalSection
	GlobalSection(SolutionProperties) = preSolution
		HideSolutionNode = FALSE
	EndGlobalSection
	GlobalSection(ExtensibilityGlobals) = postSolution
		SolutionGuid = {FFCC2BEF-02D2-4150-BBF6-339C544698A3}
	EndGlobalSection
EndGlobal
